
Microsoft Visual Studio Solution File, Format Version 12.00
# Visual Studio Version 16
VisualStudioVersion = 16.0.28803.352
MinimumVisualStudioVersion = 10.0.40219.1
Project("{9A19103F-16F7-4668-BE54-9A1E7A4F7556}") = "App.API", "App.API\App.API.csproj", "{D0DF596E-BEA7-4AEB-8602-92EED05C95DE}"
EndProject
Project("{9A19103F-16F7-4668-BE54-9A1E7A4F7556}") = "App.Model", "App.Model\App.Model.csproj", "{F1AB97CB-B92C-474C-A512-728FE6562F33}"
EndProject
Project("{FAE04EC0-301F-11D3-BF4B-00C04F79EFBC}") = "App.Data", "App.Data\App.Data.csproj", "{199B3703-2CD1-42D5-995E-864CBB8AE693}"
EndProject
Project("{FAE04EC0-301F-11D3-BF4B-00C04F79EFBC}") = "App.Service", "App.Service\App.Service.csproj", "{E50F2B6B-A0AA-47BA-B91C-1BAE8CDDE9B9}"
EndProject
Global
	GlobalSection(SolutionConfigurationPlatforms) = preSolution
		Debug|Any CPU = Debug|Any CPU
		Release|Any CPU = Release|Any CPU
	EndGlobalSection
	GlobalSection(ProjectConfigurationPlatforms) = postSolution
		{D0DF596E-BEA7-4AEB-8602-92EED05C95DE}.Debug|Any CPU.ActiveCfg = Debug|Any CPU
		{D0DF596E-BEA7-4AEB-8602-92EED05C95DE}.Debug|Any CPU.Build.0 = Debug|Any CPU
		{D0DF596E-BEA7-4AEB-8602-92EED05C95DE}.Release|Any CPU.ActiveCfg = Release|Any CPU
		{D0DF596E-BEA7-4AEB-8602-92EED05C95DE}.Release|Any CPU.Build.0 = Release|Any CPU
		{F1AB97CB-B92C-474C-A512-728FE6562F33}.Debug|Any CPU.ActiveCfg = Debug|Any CPU
		{F1AB97CB-B92C-474C-A512-728FE6562F33}.Debug|Any CPU.Build.0 = Debug|Any CPU
		{F1AB97CB-B92C-474C-A512-728FE6562F33}.Release|Any CPU.ActiveCfg = Release|Any CPU
		{F1AB97CB-B92C-474C-A512-728FE6562F33}.Release|Any CPU.Build.0 = Release|Any CPU
		{199B3703-2CD1-42D5-995E-864CBB8AE693}.Debug|Any CPU.ActiveCfg = Debug|Any CPU
		{199B3703-2CD1-42D5-995E-864CBB8AE693}.Debug|Any CPU.Build.0 = Debug|Any CPU
		{199B3703-2CD1-42D5-995E-864CBB8AE693}.Release|Any CPU.ActiveCfg = Release|Any CPU
		{199B3703-2CD1-42D5-995E-864CBB8AE693}.Release|Any CPU.Build.0 = Release|Any CPU
		{E50F2B6B-A0AA-47BA-B91C-1BAE8CDDE9B9}.Debug|Any CPU.ActiveCfg = Debug|Any CPU
		{E50F2B6B-A0AA-47BA-B91C-1BAE8CDDE9B9}.Debug|Any CPU.Build.0 = Debug|Any CPU
		{E50F2B6B-A0AA-47BA-B91C-1BAE8CDDE9B9}.Release|Any CPU.ActiveCfg = Release|Any CPU
		{E50F2B6B-A0AA-47BA-B91C-1BAE8CDDE9B9}.Release|Any CPU.Build.0 = Release|Any CPU
	EndGlobalSection
	GlobalSection(SolutionProperties) = preSolution
		HideSolutionNode = FALSE
	EndGlobalSection
	GlobalSection(ExtensibilityGlobals) = postSolution
		SolutionGuid = {BE2B0BA1-4426-40A3-96DE-4EF40CB914D6}
	EndGlobalSection
EndGlobal
